// !$*UTF8*$!
{
	archiveVersion = 1;
	classes = {
	};
	objectVersion = 56;
	objects = {

/* Begin PBXBuildFile section */
		2A016E892A1EA23B005EBA4C /* SwiftUINavigationAsStateApp.swift in Sources */ = {isa = PBXBuildFile; fileRef = 2A016E882A1EA23B005EBA4C /* SwiftUINavigationAsStateApp.swift */; };
		2A016E8B2A1EA23B005EBA4C /* ContentView.swift in Sources */ = {isa = PBXBuildFile; fileRef = 2A016E8A2A1EA23B005EBA4C /* ContentView.swift */; };
		2A016E8D2A1EA23C005EBA4C /* Assets.xcassets in Resources */ = {isa = PBXBuildFile; fileRef = 2A016E8C2A1EA23C005EBA4C /* Assets.xcassets */; };
		2A016E902A1EA23C005EBA4C /* Preview Assets.xcassets in Resources */ = {isa = PBXBuildFile; fileRef = 2A016E8F2A1EA23C005EBA4C /* Preview Assets.xcassets */; };
		2A016E982A1EA579005EBA4C /* MarketingButton.swift in Sources */ = {isa = PBXBuildFile; fileRef = 2A016E972A1EA579005EBA4C /* MarketingButton.swift */; };
		2A016E9A2A1F2B96005EBA4C /* LoginCardView.swift in Sources */ = {isa = PBXBuildFile; fileRef = 2A016E992A1F2B96005EBA4C /* LoginCardView.swift */; };
		2A016E9C2A1F2BAC005EBA4C /* CTAButton.swift in Sources */ = {isa = PBXBuildFile; fileRef = 2A016E9B2A1F2BAC005EBA4C /* CTAButton.swift */; };
		2A016E9E2A1F2BD0005EBA4C /* MarketingView.swift in Sources */ = {isa = PBXBuildFile; fileRef = 2A016E9D2A1F2BD0005EBA4C /* MarketingView.swift */; };
		2A016EA02A1F2BE5005EBA4C /* CTAView.swift in Sources */ = {isa = PBXBuildFile; fileRef = 2A016E9F2A1F2BE5005EBA4C /* CTAView.swift */; };
		2A016EA22A1F2BFD005EBA4C /* LoginView.swift in Sources */ = {isa = PBXBuildFile; fileRef = 2A016EA12A1F2BFD005EBA4C /* LoginView.swift */; };
		2A016EA42A1F2C1D005EBA4C /* MainView.swift in Sources */ = {isa = PBXBuildFile; fileRef = 2A016EA32A1F2C1D005EBA4C /* MainView.swift */; };
		2A016EA62A1F2C4A005EBA4C /* UIComposer.swift in Sources */ = {isa = PBXBuildFile; fileRef = 2A016EA52A1F2C4A005EBA4C /* UIComposer.swift */; };
		2A016EA82A1F2CB3005EBA4C /* AppNavigation.swift in Sources */ = {isa = PBXBuildFile; fileRef = 2A016EA72A1F2CB3005EBA4C /* AppNavigation.swift */; };
		2A016EAA2A1F2CCE005EBA4C /* Route.swift in Sources */ = {isa = PBXBuildFile; fileRef = 2A016EA92A1F2CCE005EBA4C /* Route.swift */; };
/* End PBXBuildFile section */

/* Begin PBXFileReference section */
		2A016E852A1EA23B005EBA4C /* SwiftUINavigationAsState.app */ = {isa = PBXFileReference; explicitFileType = wrapper.application; includeInIndex = 0; path = SwiftUINavigationAsState.app; sourceTree = BUILT_PRODUCTS_DIR; };
		2A016E882A1EA23B005EBA4C /* SwiftUINavigationAsStateApp.swift */ = {isa = PBXFileReference; lastKnownFileType = sourcecode.swift; path = SwiftUINavigationAsStateApp.swift; sourceTree = "<group>"; };
		2A016E8A2A1EA23B005EBA4C /* ContentView.swift */ = {isa = PBXFileReference; lastKnownFileType = sourcecode.swift; path = ContentView.swift; sourceTree = "<group>"; };
		2A016E8C2A1EA23C005EBA4C /* Assets.xcassets */ = {isa = PBXFileReference; lastKnownFileType = folder.assetcatalog; path = Assets.xcassets; sourceTree = "<group>"; };
		2A016E8F2A1EA23C005EBA4C /* Preview Assets.xcassets */ = {isa = PBXFileReference; lastKnownFileType = folder.assetcatalog; path = "Preview Assets.xcassets"; sourceTree = "<group>"; };
		2A016E972A1EA579005EBA4C /* MarketingButton.swift */ = {isa = PBXFileReference; lastKnownFileType = sourcecode.swift; path = MarketingButton.swift; sourceTree = "<group>"; };
		2A016E992A1F2B96005EBA4C /* LoginCardView.swift */ = {isa = PBXFileReference; lastKnownFileType = sourcecode.swift; path = LoginCardView.swift; sourceTree = "<group>"; };
		2A016E9B2A1F2BAC005EBA4C /* CTAButton.swift */ = {isa = PBXFileReference; lastKnownFileType = sourcecode.swift; path = CTAButton.swift; sourceTree = "<group>"; };
		2A016E9D2A1F2BD0005EBA4C /* MarketingView.swift */ = {isa = PBXFileReference; lastKnownFileType = sourcecode.swift; path = MarketingView.swift; sourceTree = "<group>"; };
		2A016E9F2A1F2BE5005EBA4C /* CTAView.swift */ = {isa = PBXFileReference; lastKnownFileType = sourcecode.swift; path = CTAView.swift; sourceTree = "<group>"; };
		2A016EA12A1F2BFD005EBA4C /* LoginView.swift */ = {isa = PBXFileReference; lastKnownFileType = sourcecode.swift; path = LoginView.swift; sourceTree = "<group>"; };
		2A016EA32A1F2C1D005EBA4C /* MainView.swift */ = {isa = PBXFileReference; lastKnownFileType = sourcecode.swift; path = MainView.swift; sourceTree = "<group>"; };
		2A016EA52A1F2C4A005EBA4C /* UIComposer.swift */ = {isa = PBXFileReference; lastKnownFileType = sourcecode.swift; path = UIComposer.swift; sourceTree = "<group>"; };
		2A016EA72A1F2CB3005EBA4C /* AppNavigation.swift */ = {isa = PBXFileReference; lastKnownFileType = sourcecode.swift; path = AppNavigation.swift; sourceTree = "<group>"; };
		2A016EA92A1F2CCE005EBA4C /* Route.swift */ = {isa = PBXFileReference; lastKnownFileType = sourcecode.swift; path = Route.swift; sourceTree = "<group>"; };
/* End PBXFileReference section */

/* Begin PBXFrameworksBuildPhase section */
		2A016E822A1EA23B005EBA4C /* Frameworks */ = {
			isa = PBXFrameworksBuildPhase;
			buildActionMask = 2147483647;
			files = (
			);
			runOnlyForDeploymentPostprocessing = 0;
		};
/* End PBXFrameworksBuildPhase section */

/* Begin PBXGroup section */
		2A016E7C2A1EA23B005EBA4C = {
			isa = PBXGroup;
			children = (
				2A016E872A1EA23B005EBA4C /* SwiftUINavigationAsState */,
				2A016E862A1EA23B005EBA4C /* Products */,
			);
			sourceTree = "<group>";
		};
		2A016E862A1EA23B005EBA4C /* Products */ = {
			isa = PBXGroup;
			children = (
				2A016E852A1EA23B005EBA4C /* SwiftUINavigationAsState.app */,
			);
			name = Products;
			sourceTree = "<group>";
		};
		2A016E872A1EA23B005EBA4C /* SwiftUINavigationAsState */ = {
			isa = PBXGroup;
			children = (
				2A016E882A1EA23B005EBA4C /* SwiftUINavigationAsStateApp.swift */,
				2A016EA52A1F2C4A005EBA4C /* UIComposer.swift */,
				2A016EAB2A1F2CE8005EBA4C /* AppNavigation */,
				2A016E8A2A1EA23B005EBA4C /* ContentView.swift */,
				2A016E972A1EA579005EBA4C /* MarketingButton.swift */,
				2A016E9B2A1F2BAC005EBA4C /* CTAButton.swift */,
				2A016E992A1F2B96005EBA4C /* LoginCardView.swift */,
				2A016E9D2A1F2BD0005EBA4C /* MarketingView.swift */,
				2A016E9F2A1F2BE5005EBA4C /* CTAView.swift */,
				2A016EA12A1F2BFD005EBA4C /* LoginView.swift */,
				2A016EA32A1F2C1D005EBA4C /* MainView.swift */,
				2A016E8C2A1EA23C005EBA4C /* Assets.xcassets */,
				2A016E8E2A1EA23C005EBA4C /* Preview Content */,
			);
			path = SwiftUINavigationAsState;
			sourceTree = "<group>";
		};
		2A016E8E2A1EA23C005EBA4C /* Preview Content */ = {
			isa = PBXGroup;
			children = (
				2A016E8F2A1EA23C005EBA4C /* Preview Assets.xcassets */,
			);
			path = "Preview Content";
			sourceTree = "<group>";
		};
		2A016EAB2A1F2CE8005EBA4C /* AppNavigation */ = {
			isa = PBXGroup;
			children = (
				2A016EA72A1F2CB3005EBA4C /* AppNavigation.swift */,
				2A016EA92A1F2CCE005EBA4C /* Route.swift */,
			);
			path = AppNavigation;
			sourceTree = "<group>";
		};
/* End PBXGroup section */

/* Begin PBXNativeTarget section */
		2A016E842A1EA23B005EBA4C /* SwiftUINavigationAsState */ = {
			isa = PBXNativeTarget;
			buildConfigurationList = 2A016E932A1EA23C005EBA4C /* Build configuration list for PBXNativeTarget "SwiftUINavigationAsState" */;
			buildPhases = (
				2A016E812A1EA23B005EBA4C /* Sources */,
				2A016E822A1EA23B005EBA4C /* Frameworks */,
				2A016E832A1EA23B005EBA4C /* Resources */,
			);
			buildRules = (
			);
			dependencies = (
			);
			name = SwiftUINavigationAsState;
			productName = SwiftUINavigationAsState;
			productReference = 2A016E852A1EA23B005EBA4C /* SwiftUINavigationAsState.app */;
			productType = "com.apple.product-type.application";
		};
/* End PBXNativeTarget section */

/* Begin PBXProject section */
		2A016E7D2A1EA23B005EBA4C /* Project object */ = {
			isa = PBXProject;
			attributes = {
				BuildIndependentTargetsInParallel = 1;
				LastSwiftUpdateCheck = 1430;
				LastUpgradeCheck = 1430;
				TargetAttributes = {
					2A016E842A1EA23B005EBA4C = {
						CreatedOnToolsVersion = 14.3;
					};
				};
			};
			buildConfigurationList = 2A016E802A1EA23B005EBA4C /* Build configuration list for PBXProject "SwiftUINavigationAsState" */;
			compatibilityVersion = "Xcode 14.0";
			developmentRegion = en;
			hasScannedForEncodings = 0;
			knownRegions = (
				en,
				Base,
			);
			mainGroup = 2A016E7C2A1EA23B005EBA4C;
			productRefGroup = 2A016E862A1EA23B005EBA4C /* Products */;
			projectDirPath = "";
			projectRoot = "";
			targets = (
				2A016E842A1EA23B005EBA4C /* SwiftUINavigationAsState */,
			);
		};
/* End PBXProject section */

/* Begin PBXResourcesBuildPhase section */
		2A016E832A1EA23B005EBA4C /* Resources */ = {
			isa = PBXResourcesBuildPhase;
			buildActionMask = 2147483647;
			files = (
				2A016E902A1EA23C005EBA4C /* Preview Assets.xcassets in Resources */,
				2A016E8D2A1EA23C005EBA4C /* Assets.xcassets in Resources */,
			);
			runOnlyForDeploymentPostprocessing = 0;
		};
/* End PBXResourcesBuildPhase section */

/* Begin PBXSourcesBuildPhase section */
		2A016E812A1EA23B005EBA4C /* Sources */ = {
			isa = PBXSourcesBuildPhase;
			buildActionMask = 2147483647;
			files = (
				2A016EA82A1F2CB3005EBA4C /* AppNavigation.swift in Sources */,
				2A016E9A2A1F2B96005EBA4C /* LoginCardView.swift in Sources */,
				2A016EA42A1F2C1D005EBA4C /* MainView.swift in Sources */,
				2A016E8B2A1EA23B005EBA4C /* ContentView.swift in Sources */,
				2A016E892A1EA23B005EBA4C /* SwiftUINavigationAsStateApp.swift in Sources */,
				2A016E982A1EA579005EBA4C /* MarketingButton.swift in Sources */,
				2A016EA02A1F2BE5005EBA4C /* CTAView.swift in Sources */,
				2A016E9C2A1F2BAC005EBA4C /* CTAButton.swift in Sources */,
				2A016EA62A1F2C4A005EBA4C /* UIComposer.swift in Sources */,
				2A016EAA2A1F2CCE005EBA4C /* Route.swift in Sources */,
				2A016EA22A1F2BFD005EBA4C /* LoginView.swift in Sources */,
				2A016E9E2A1F2BD0005EBA4C /* MarketingView.swift in Sources */,
			);
			runOnlyForDeploymentPostprocessing = 0;
		};
/* End PBXSourcesBuildPhase section */

/* Begin XCBuildConfiguration section */
		2A016E912A1EA23C005EBA4C /* Debug */ = {
			isa = XCBuildConfiguration;
			buildSettings = {
				ALWAYS_SEARCH_USER_PATHS = NO;
				CLANG_ANALYZER_NONNULL = YES;
				CLANG_ANALYZER_NUMBER_OBJECT_CONVERSION = YES_AGGRESSIVE;
				CLANG_CXX_LANGUAGE_STANDARD = "gnu++20";
				CLANG_ENABLE_MODULES = YES;
				CLANG_ENABLE_OBJC_ARC = YES;
				CLANG_ENABLE_OBJC_WEAK = YES;
				CLANG_WARN_BLOCK_CAPTURE_AUTORELEASING = YES;
				CLANG_WARN_BOOL_CONVERSION = YES;
				CLANG_WARN_COMMA = YES;
				CLANG_WARN_CONSTANT_CONVERSION = YES;
				CLANG_WARN_DEPRECATED_OBJC_IMPLEMENTATIONS = YES;
				CLANG_WARN_DIRECT_OBJC_ISA_USAGE = YES_ERROR;
				CLANG_WARN_DOCUMENTATION_COMMENTS = YES;
				CLANG_WARN_EMPTY_BODY = YES;
				CLANG_WARN_ENUM_CONVERSION = YES;
				CLANG_WARN_INFINITE_RECURSION = YES;
				CLANG_WARN_INT_CONVERSION = YES;
				CLANG_WARN_NON_LITERAL_NULL_CONVERSION = YES;
				CLANG_WARN_OBJC_IMPLICIT_RETAIN_SELF = YES;
				CLANG_WARN_OBJC_LITERAL_CONVERSION = YES;
				CLANG_WARN_OBJC_ROOT_CLASS = YES_ERROR;
				CLANG_WARN_QUOTED_INCLUDE_IN_FRAMEWORK_HEADER = YES;
				CLANG_WARN_RANGE_LOOP_ANALYSIS = YES;
				CLANG_WARN_STRICT_PROTOTYPES = YES;
				CLANG_WARN_SUSPICIOUS_MOVE = YES;
				CLANG_WARN_UNGUARDED_AVAILABILITY = YES_AGGRESSIVE;
				CLANG_WARN_UNREACHABLE_CODE = YES;
				CLANG_WARN__DUPLICATE_METHOD_MATCH = YES;
				COPY_PHASE_STRIP = NO;
				DEBUG_INFORMATION_FORMAT = dwarf;
				ENABLE_STRICT_OBJC_MSGSEND = YES;
				ENABLE_TESTABILITY = YES;
				GCC_C_LANGUAGE_STANDARD = gnu11;
				GCC_DYNAMIC_NO_PIC = NO;
				GCC_NO_COMMON_BLOCKS = YES;
				GCC_OPTIMIZATION_LEVEL = 0;
				GCC_PREPROCESSOR_DEFINITIONS = (
					"DEBUG=1",
					"$(inherited)",
				);
				GCC_WARN_64_TO_32_BIT_CONVERSION = YES;
				GCC_WARN_ABOUT_RETURN_TYPE = YES_ERROR;
				GCC_WARN_UNDECLARED_SELECTOR = YES;
				GCC_WARN_UNINITIALIZED_AUTOS = YES_AGGRESSIVE;
				GCC_WARN_UNUSED_FUNCTION = YES;
				GCC_WARN_UNUSED_VARIABLE = YES;
				IPHONEOS_DEPLOYMENT_TARGET = 16.4;
				MTL_ENABLE_DEBUG_INFO = INCLUDE_SOURCE;
				MTL_FAST_MATH = YES;
				ONLY_ACTIVE_ARCH = YES;
				SDKROOT = iphoneos;
				SWIFT_ACTIVE_COMPILATION_CONDITIONS = DEBUG;
				SWIFT_OPTIMIZATION_LEVEL = "-Onone";
			};
			name = Debug;
		};
		2A016E922A1EA23C005EBA4C /* Release */ = {
			isa = XCBuildConfiguration;
			buildSettings = {
				ALWAYS_SEARCH_USER_PATHS = NO;
				CLANG_ANALYZER_NONNULL = YES;
				CLANG_ANALYZER_NUMBER_OBJECT_CONVERSION = YES_AGGRESSIVE;
				CLANG_CXX_LANGUAGE_STANDARD = "gnu++20";
				CLANG_ENABLE_MODULES = YES;
				CLANG_ENABLE_OBJC_ARC = YES;
				CLANG_ENABLE_OBJC_WEAK = YES;
				CLANG_WARN_BLOCK_CAPTURE_AUTORELEASING = YES;
				CLANG_WARN_BOOL_CONVERSION = YES;
				CLANG_WARN_COMMA = YES;
				CLANG_WARN_CONSTANT_CONVERSION = YES;
				CLANG_WARN_DEPRECATED_OBJC_IMPLEMENTATIONS = YES;
				CLANG_WARN_DIRECT_OBJC_ISA_USAGE = YES_ERROR;
				CLANG_WARN_DOCUMENTATION_COMMENTS = YES;
				CLANG_WARN_EMPTY_BODY = YES;
				CLANG_WARN_ENUM_CONVERSION = YES;
				CLANG_WARN_INFINITE_RECURSION = YES;
				CLANG_WARN_INT_CONVERSION = YES;
				CLANG_WARN_NON_LITERAL_NULL_CONVERSION = YES;
				CLANG_WARN_OBJC_IMPLICIT_RETAIN_SELF = YES;
				CLANG_WARN_OBJC_LITERAL_CONVERSION = YES;
				CLANG_WARN_OBJC_ROOT_CLASS = YES_ERROR;
				CLANG_WARN_QUOTED_INCLUDE_IN_FRAMEWORK_HEADER = YES;
				CLANG_WARN_RANGE_LOOP_ANALYSIS = YES;
				CLANG_WARN_STRICT_PROTOTYPES = YES;
				CLANG_WARN_SUSPICIOUS_MOVE = YES;
				CLANG_WARN_UNGUARDED_AVAILABILITY = YES_AGGRESSIVE;
				CLANG_WARN_UNREACHABLE_CODE = YES;
				CLANG_WARN__DUPLICATE_METHOD_MATCH = YES;
				COPY_PHASE_STRIP = NO;
				DEBUG_INFORMATION_FORMAT = "dwarf-with-dsym";
				ENABLE_NS_ASSERTIONS = NO;
				ENABLE_STRICT_OBJC_MSGSEND = YES;
				GCC_C_LANGUAGE_STANDARD = gnu11;
				GCC_NO_COMMON_BLOCKS = YES;
				GCC_WARN_64_TO_32_BIT_CONVERSION = YES;
				GCC_WARN_ABOUT_RETURN_TYPE = YES_ERROR;
				GCC_WARN_UNDECLARED_SELECTOR = YES;
				GCC_WARN_UNINITIALIZED_AUTOS = YES_AGGRESSIVE;
				GCC_WARN_UNUSED_FUNCTION = YES;
				GCC_WARN_UNUSED_VARIABLE = YES;
				IPHONEOS_DEPLOYMENT_TARGET = 16.4;
				MTL_ENABLE_DEBUG_INFO = NO;
				MTL_FAST_MATH = YES;
				SDKROOT = iphoneos;
				SWIFT_COMPILATION_MODE = wholemodule;
				SWIFT_OPTIMIZATION_LEVEL = "-O";
				VALIDATE_PRODUCT = YES;
			};
			name = Release;
		};
		2A016E942A1EA23C005EBA4C /* Debug */ = {
			isa = XCBuildConfiguration;
			buildSettings = {
				ASSETCATALOG_COMPILER_APPICON_NAME = AppIcon;
				ASSETCATALOG_COMPILER_GLOBAL_ACCENT_COLOR_NAME = AccentColor;
				CODE_SIGN_STYLE = Automatic;
				CURRENT_PROJECT_VERSION = 1;
				DEVELOPMENT_ASSET_PATHS = "\"SwiftUINavigationAsState/Preview Content\"";
				DEVELOPMENT_TEAM = VRVJ9YNRQU;
				ENABLE_PREVIEWS = YES;
				GENERATE_INFOPLIST_FILE = YES;
				INFOPLIST_KEY_UIApplicationSceneManifest_Generation = YES;
				INFOPLIST_KEY_UIApplicationSupportsIndirectInputEvents = YES;
				INFOPLIST_KEY_UILaunchScreen_Generation = YES;
				INFOPLIST_KEY_UISupportedInterfaceOrientations_iPad = "UIInterfaceOrientationPortrait UIInterfaceOrientationPortraitUpsideDown UIInterfaceOrientationLandscapeLeft UIInterfaceOrientationLandscapeRight";
				INFOPLIST_KEY_UISupportedInterfaceOrientations_iPhone = "UIInterfaceOrientationPortrait UIInterfaceOrientationLandscapeLeft UIInterfaceOrientationLandscapeRight";
				LD_RUNPATH_SEARCH_PATHS = (
					"$(inherited)",
					"@executable_path/Frameworks",
				);
				MARKETING_VERSION = 1.0;
				PRODUCT_BUNDLE_IDENTIFIER = com.photoigor.SwiftUINavigationAsState;
				PRODUCT_NAME = "$(TARGET_NAME)";
				SWIFT_EMIT_LOC_STRINGS = YES;
				SWIFT_VERSION = 5.0;
				TARGETED_DEVICE_FAMILY = "1,2";
			};
			name = Debug;
		};
		2A016E952A1EA23C005EBA4C /* Release */ = {
			isa = XCBuildConfiguration;
			buildSettings = {
				ASSETCATALOG_COMPILER_APPICON_NAME = AppIcon;
				ASSETCATALOG_COMPILER_GLOBAL_ACCENT_COLOR_NAME = AccentColor;
				CODE_SIGN_STYLE = Automatic;
				CURRENT_PROJECT_VERSION = 1;
				DEVELOPMENT_ASSET_PATHS = "\"SwiftUINavigationAsState/Preview Content\"";
				DEVELOPMENT_TEAM = VRVJ9YNRQU;
				ENABLE_PREVIEWS = YES;
				GENERATE_INFOPLIST_FILE = YES;
				INFOPLIST_KEY_UIApplicationSceneManifest_Generation = YES;
				INFOPLIST_KEY_UIApplicationSupportsIndirectInputEvents = YES;
				INFOPLIST_KEY_UILaunchScreen_Generation = YES;
				INFOPLIST_KEY_UISupportedInterfaceOrientations_iPad = "UIInterfaceOrientationPortrait UIInterfaceOrientationPortraitUpsideDown UIInterfaceOrientationLandscapeLeft UIInterfaceOrientationLandscapeRight";
				INFOPLIST_KEY_UISupportedInterfaceOrientations_iPhone = "UIInterfaceOrientationPortrait UIInterfaceOrientationLandscapeLeft UIInterfaceOrientationLandscapeRight";
				LD_RUNPATH_SEARCH_PATHS = (
					"$(inherited)",
					"@executable_path/Frameworks",
				);
				MARKETING_VERSION = 1.0;
				PRODUCT_BUNDLE_IDENTIFIER = com.photoigor.SwiftUINavigationAsState;
				PRODUCT_NAME = "$(TARGET_NAME)";
				SWIFT_EMIT_LOC_STRINGS = YES;
				SWIFT_VERSION = 5.0;
				TARGETED_DEVICE_FAMILY = "1,2";
			};
			name = Release;
		};
/* End XCBuildConfiguration section */

/* Begin XCConfigurationList section */
		2A016E802A1EA23B005EBA4C /* Build configuration list for PBXProject "SwiftUINavigationAsState" */ = {
			isa = XCConfigurationList;
			buildConfigurations = (
				2A016E912A1EA23C005EBA4C /* Debug */,
				2A016E922A1EA23C005EBA4C /* Release */,
			);
			defaultConfigurationIsVisible = 0;
			defaultConfigurationName = Release;
		};
		2A016E932A1EA23C005EBA4C /* Build configuration list for PBXNativeTarget "SwiftUINavigationAsState" */ = {
			isa = XCConfigurationList;
			buildConfigurations = (
				2A016E942A1EA23C005EBA4C /* Debug */,
				2A016E952A1EA23C005EBA4C /* Release */,
			);
			defaultConfigurationIsVisible = 0;
			defaultConfigurationName = Release;
		};
/* End XCConfigurationList section */
	};
	rootObject = 2A016E7D2A1EA23B005EBA4C /* Project object */;
}
